
Microsoft Visual Studio Solution File, Format Version 12.00
# Visual Studio Version 17
VisualStudioVersion = 17.7.34024.191
MinimumVisualStudioVersion = 10.0.40219.1
Project("{FAE04EC0-301F-11D3-BF4B-00C04F79EFBC}") = "KBurns_Task1", "KBurns_Task1\KBurns_Task1.csproj", "{5A63C57C-4352-40B5-8817-B6ACABE2C3B1}"
EndProject
Global
	GlobalSection(SolutionConfigurationPlatforms) = preSolution
		Debug|Any CPU = Debug|Any CPU
		Release|Any CPU = Release|Any CPU
	EndGlobalSection
	GlobalSection(ProjectConfigurationPlatforms) = postSolution
		{5A63C57C-4352-40B5-8817-B6ACABE2C3B1}.Debug|Any CPU.ActiveCfg = Debug|Any CPU
		{5A63C57C-4352-40B5-8817-B6ACABE2C3B1}.Debug|Any CPU.Build.0 = Debug|Any CPU
		{5A63C57C-4352-40B5-8817-B6ACABE2C3B1}.Release|Any CPU.ActiveCfg = Release|Any CPU
		{5A63C57C-4352-40B5-8817-B6ACABE2C3B1}.Release|Any CPU.Build.0 = Release|Any CPU
	EndGlobalSection
	GlobalSection(SolutionProperties) = preSolution
		HideSolutionNode = FALSE
	EndGlobalSection
	GlobalSection(ExtensibilityGlobals) = postSolution
		SolutionGuid = {4E61D6D6-4FD4-420E-BA53-DBDFC4C82E03}
	EndGlobalSection
EndGlobal
